
Microsoft Visual Studio Solution File, Format Version 12.00
# Visual Studio Version 17
VisualStudioVersion = 17.3.32929.385
MinimumVisualStudioVersion = 10.0.40219.1
Project("{FAE04EC0-301F-11D3-BF4B-00C04F79EFBC}") = "CityManagerAPIAk", "CityManagerAPIAk\CityManagerAPIAk.csproj", "{BC179A0F-85E9-4CD2-81DE-5CE8E969FBB4}"
EndProject
Global
	GlobalSection(SolutionConfigurationPlatforms) = preSolution
		Debug|Any CPU = Debug|Any CPU
		Release|Any CPU = Release|Any CPU
	EndGlobalSection
	GlobalSection(ProjectConfigurationPlatforms) = postSolution
		{BC179A0F-85E9-4CD2-81DE-5CE8E969FBB4}.Debug|Any CPU.ActiveCfg = Debug|Any CPU
		{BC179A0F-85E9-4CD2-81DE-5CE8E969FBB4}.Debug|Any CPU.Build.0 = Debug|Any CPU
		{BC179A0F-85E9-4CD2-81DE-5CE8E969FBB4}.Release|Any CPU.ActiveCfg = Release|Any CPU
		{BC179A0F-85E9-4CD2-81DE-5CE8E969FBB4}.Release|Any CPU.Build.0 = Release|Any CPU
	EndGlobalSection
	GlobalSection(SolutionProperties) = preSolution
		HideSolutionNode = FALSE
	EndGlobalSection
	GlobalSection(ExtensibilityGlobals) = postSolution
		SolutionGuid = {80F45B12-0387-472D-B31B-C4FE13582015}
	EndGlobalSection
EndGlobal
